
Microsoft Visual Studio Solution File, Format Version 12.00
# Visual Studio Version 17
VisualStudioVersion = 17.0.31903.59
MinimumVisualStudioVersion = 10.0.40219.1
Project("{2150E333-8FDC-42A3-9474-1A3956D46DE8}") = "src", "src", "{827E0CD3-B72D-47B6-A68D-7590B98EB39B}"
EndProject
Project("{FAE04EC0-301F-11D3-BF4B-00C04F79EFBC}") = "Polymarket.Client.Websocket", "src\Polymarket.Client.Websocket\Polymarket.Client.Websocket.csproj", "{AAC3F5CC-E10F-45CD-A236-9948C227932E}"
EndProject
Project("{2150E333-8FDC-42A3-9474-1A3956D46DE8}") = "test", "test", "{0C88DD14-F956-CE84-757C-A364CCF449FC}"
EndProject
Project("{FAE04EC0-301F-11D3-BF4B-00C04F79EFBC}") = "Polymarket.Client.Websocket.Tests", "test\Polymarket.Client.Websocket.Tests\Polymarket.Client.Websocket.Tests.csproj", "{DBEBDC65-74C4-4E39-8DD8-C75807909481}"
EndProject
Project("{2150E333-8FDC-42A3-9474-1A3956D46DE8}") = "test_integration", "test_integration", "{9297C173-A2B6-EA40-46CB-B35EBB82D76A}"
EndProject
Project("{FAE04EC0-301F-11D3-BF4B-00C04F79EFBC}") = "Polymarket.Client.Websocket.Tests.Integration", "test_integration\Polymarket.Client.Websocket.Tests.Integration\Polymarket.Client.Websocket.Tests.Integration.csproj", "{E26C95DB-1CA9-4722-8CCD-4EAB9694C381}"
EndProject
Project("{FAE04EC0-301F-11D3-BF4B-00C04F79EFBC}") = "Polymarket.Client.Websocket.Sample", "test_integration\Polymarket.Client.Websocket.Sample\Polymarket.Client.Websocket.Sample.csproj", "{9428D942-E5E6-4AE7-AFF6-F9A4C662A342}"
EndProject
Global
	GlobalSection(SolutionConfigurationPlatforms) = preSolution
		Debug|Any CPU = Debug|Any CPU
		Debug|x64 = Debug|x64
		Debug|x86 = Debug|x86
		Release|Any CPU = Release|Any CPU
		Release|x64 = Release|x64
		Release|x86 = Release|x86
	EndGlobalSection
	GlobalSection(ProjectConfigurationPlatforms) = postSolution
		{AAC3F5CC-E10F-45CD-A236-9948C227932E}.Debug|Any CPU.ActiveCfg = Debug|Any CPU
		{AAC3F5CC-E10F-45CD-A236-9948C227932E}.Debug|Any CPU.Build.0 = Debug|Any CPU
		{AAC3F5CC-E10F-45CD-A236-9948C227932E}.Debug|x64.ActiveCfg = Debug|Any CPU
		{AAC3F5CC-E10F-45CD-A236-9948C227932E}.Debug|x64.Build.0 = Debug|Any CPU
		{AAC3F5CC-E10F-45CD-A236-9948C227932E}.Debug|x86.ActiveCfg = Debug|Any CPU
		{AAC3F5CC-E10F-45CD-A236-9948C227932E}.Debug|x86.Build.0 = Debug|Any CPU
		{AAC3F5CC-E10F-45CD-A236-9948C227932E}.Release|Any CPU.ActiveCfg = Release|Any CPU
		{AAC3F5CC-E10F-45CD-A236-9948C227932E}.Release|Any CPU.Build.0 = Release|Any CPU
		{AAC3F5CC-E10F-45CD-A236-9948C227932E}.Release|x64.ActiveCfg = Release|Any CPU
		{AAC3F5CC-E10F-45CD-A236-9948C227932E}.Release|x64.Build.0 = Release|Any CPU
		{AAC3F5CC-E10F-45CD-A236-9948C227932E}.Release|x86.ActiveCfg = Release|Any CPU
		{AAC3F5CC-E10F-45CD-A236-9948C227932E}.Release|x86.Build.0 = Release|Any CPU
		{DBEBDC65-74C4-4E39-8DD8-C75807909481}.Debug|Any CPU.ActiveCfg = Debug|Any CPU
		{DBEBDC65-74C4-4E39-8DD8-C75807909481}.Debug|Any CPU.Build.0 = Debug|Any CPU
		{DBEBDC65-74C4-4E39-8DD8-C75807909481}.Debug|x64.ActiveCfg = Debug|Any CPU
		{DBEBDC65-74C4-4E39-8DD8-C75807909481}.Debug|x64.Build.0 = Debug|Any CPU
		{DBEBDC65-74C4-4E39-8DD8-C75807909481}.Debug|x86.ActiveCfg = Debug|Any CPU
		{DBEBDC65-74C4-4E39-8DD8-C75807909481}.Debug|x86.Build.0 = Debug|Any CPU
		{DBEBDC65-74C4-4E39-8DD8-C75807909481}.Release|Any CPU.ActiveCfg = Release|Any CPU
		{DBEBDC65-74C4-4E39-8DD8-C75807909481}.Release|Any CPU.Build.0 = Release|Any CPU
		{DBEBDC65-74C4-4E39-8DD8-C75807909481}.Release|x64.ActiveCfg = Release|Any CPU
		{DBEBDC65-74C4-4E39-8DD8-C75807909481}.Release|x64.Build.0 = Release|Any CPU
		{DBEBDC65-74C4-4E39-8DD8-C75807909481}.Release|x86.ActiveCfg = Release|Any CPU
		{DBEBDC65-74C4-4E39-8DD8-C75807909481}.Release|x86.Build.0 = Release|Any CPU
		{E26C95DB-1CA9-4722-8CCD-4EAB9694C381}.Debug|Any CPU.ActiveCfg = Debug|Any CPU
		{E26C95DB-1CA9-4722-8CCD-4EAB9694C381}.Debug|Any CPU.Build.0 = Debug|Any CPU
		{E26C95DB-1CA9-4722-8CCD-4EAB9694C381}.Debug|x64.ActiveCfg = Debug|Any CPU
		{E26C95DB-1CA9-4722-8CCD-4EAB9694C381}.Debug|x64.Build.0 = Debug|Any CPU
		{E26C95DB-1CA9-4722-8CCD-4EAB9694C381}.Debug|x86.ActiveCfg = Debug|Any CPU
		{E26C95DB-1CA9-4722-8CCD-4EAB9694C381}.Debug|x86.Build.0 = Debug|Any CPU
		{E26C95DB-1CA9-4722-8CCD-4EAB9694C381}.Release|Any CPU.ActiveCfg = Release|Any CPU
		{E26C95DB-1CA9-4722-8CCD-4EAB9694C381}.Release|Any CPU.Build.0 = Release|Any CPU
		{E26C95DB-1CA9-4722-8CCD-4EAB9694C381}.Release|x64.ActiveCfg = Release|Any CPU
		{E26C95DB-1CA9-4722-8CCD-4EAB9694C381}.Release|x64.Build.0 = Release|Any CPU
		{E26C95DB-1CA9-4722-8CCD-4EAB9694C381}.Release|x86.ActiveCfg = Release|Any CPU
		{E26C95DB-1CA9-4722-8CCD-4EAB9694C381}.Release|x86.Build.0 = Release|Any CPU
		{9428D942-E5E6-4AE7-AFF6-F9A4C662A342}.Debug|Any CPU.ActiveCfg = Debug|Any CPU
		{9428D942-E5E6-4AE7-AFF6-F9A4C662A342}.Debug|Any CPU.Build.0 = Debug|Any CPU
		{9428D942-E5E6-4AE7-AFF6-F9A4C662A342}.Debug|x64.ActiveCfg = Debug|Any CPU
		{9428D942-E5E6-4AE7-AFF6-F9A4C662A342}.Debug|x64.Build.0 = Debug|Any CPU
		{9428D942-E5E6-4AE7-AFF6-F9A4C662A342}.Debug|x86.ActiveCfg = Debug|Any CPU
		{9428D942-E5E6-4AE7-AFF6-F9A4C662A342}.Debug|x86.Build.0 = Debug|Any CPU
		{9428D942-E5E6-4AE7-AFF6-F9A4C662A342}.Release|Any CPU.ActiveCfg = Release|Any CPU
		{9428D942-E5E6-4AE7-AFF6-F9A4C662A342}.Release|Any CPU.Build.0 = Release|Any CPU
		{9428D942-E5E6-4AE7-AFF6-F9A4C662A342}.Release|x64.ActiveCfg = Release|Any CPU
		{9428D942-E5E6-4AE7-AFF6-F9A4C662A342}.Release|x64.Build.0 = Release|Any CPU
		{9428D942-E5E6-4AE7-AFF6-F9A4C662A342}.Release|x86.ActiveCfg = Release|Any CPU
		{9428D942-E5E6-4AE7-AFF6-F9A4C662A342}.Release|x86.Build.0 = Release|Any CPU
	EndGlobalSection
	GlobalSection(SolutionProperties) = preSolution
		HideSolutionNode = FALSE
	EndGlobalSection
	GlobalSection(NestedProjects) = preSolution
		{AAC3F5CC-E10F-45CD-A236-9948C227932E} = {827E0CD3-B72D-47B6-A68D-7590B98EB39B}
		{DBEBDC65-74C4-4E39-8DD8-C75807909481} = {0C88DD14-F956-CE84-757C-A364CCF449FC}
		{E26C95DB-1CA9-4722-8CCD-4EAB9694C381} = {9297C173-A2B6-EA40-46CB-B35EBB82D76A}
		{9428D942-E5E6-4AE7-AFF6-F9A4C662A342} = {9297C173-A2B6-EA40-46CB-B35EBB82D76A}
	EndGlobalSection
EndGlobal
